
Microsoft Visual Studio Solution File, Format Version 12.00
# Visual Studio Version 16
VisualStudioVersion = 16.0.30804.86
MinimumVisualStudioVersion = 15.0.26124.0
Project("{9A19103F-16F7-4668-BE54-9A1E7A4F7556}") = "FleetManagement.API.Write", "FleetManagement.API.Write\FleetManagement.API.Write.csproj", "{21F4E65B-D873-4A3E-BF43-E83F1997FB4C}"
EndProject
Project("{9A19103F-16F7-4668-BE54-9A1E7A4F7556}") = "FleetManagement.DAL", "FleetManagement.DAL\FleetManagement.DAL.csproj", "{63369696-3CF6-40B4-B963-6F35894CFDA7}"
EndProject
Project("{9A19103F-16F7-4668-BE54-9A1E7A4F7556}") = "FleetManagement.Models", "FleetManagement.Models\FleetManagement.Models.csproj", "{6A9DF1DB-A2B4-46C3-97E9-00663FC24416}"
EndProject
Project("{9A19103F-16F7-4668-BE54-9A1E7A4F7556}") = "FleetManagement.Tests", "FleetManagement.Tests\FleetManagement.Tests.csproj", "{890A8B4A-D386-4757-BA2B-5E42011432B7}"
EndProject
Project("{9A19103F-16F7-4668-BE54-9A1E7A4F7556}") = "FleetManagement.API.Read", "FleetManagement.API.Read\FleetManagement.API.Read.csproj", "{9FCE09C5-02CC-4FE1-A1D9-B7160BB30C25}"
EndProject
Project("{9A19103F-16F7-4668-BE54-9A1E7A4F7556}") = "FleetManagement.BLL", "FleetManagement.BLL\FleetManagement.BLL.csproj", "{0EC1A042-4960-4FE9-B77D-81BE019AC625}"
EndProject
Project("{9A19103F-16F7-4668-BE54-9A1E7A4F7556}") = "FleetManagement.ReadModels", "FleetManagement.ReadModels\FleetManagement.ReadModels.csproj", "{5924A3F6-B4A7-430C-B833-39D26273F357}"
EndProject
Project("{9A19103F-16F7-4668-BE54-9A1E7A4F7556}") = "FleetManagement.Blazor", "FleetManagement.Blazor\FleetManagement.Blazor.csproj", "{D9D0FDC4-64C5-480F-B862-9594140B4685}"
EndProject
Project("{9A19103F-16F7-4668-BE54-9A1E7A4F7556}") = "FleetManagement.WinForms", "FleetManagement.WinForms\FleetManagement.WinForms.csproj", "{A422A12C-ABD3-4627-AE91-7A735C3555DA}"
	ProjectSection(ProjectDependencies) = postProject
		{6A9DF1DB-A2B4-46C3-97E9-00663FC24416} = {6A9DF1DB-A2B4-46C3-97E9-00663FC24416}
		{5924A3F6-B4A7-430C-B833-39D26273F357} = {5924A3F6-B4A7-430C-B833-39D26273F357}
	EndProjectSection
EndProject
Project("{FAE04EC0-301F-11D3-BF4B-00C04F79EFBC}") = "FleetManagement.DAL.NHibernate", "FleetManagement.DAL.NHibernate\FleetManagement.DAL.NHibernate.csproj", "{6B3BB5D6-BC4C-4134-8F5A-B29E57D3AB91}"
EndProject
Global
	GlobalSection(SolutionConfigurationPlatforms) = preSolution
		Debug|Any CPU = Debug|Any CPU
		Debug|x64 = Debug|x64
		Debug|x86 = Debug|x86
		Release|Any CPU = Release|Any CPU
		Release|x64 = Release|x64
		Release|x86 = Release|x86
	EndGlobalSection
	GlobalSection(ProjectConfigurationPlatforms) = postSolution
		{21F4E65B-D873-4A3E-BF43-E83F1997FB4C}.Debug|Any CPU.ActiveCfg = Debug|Any CPU
		{21F4E65B-D873-4A3E-BF43-E83F1997FB4C}.Debug|Any CPU.Build.0 = Debug|Any CPU
		{21F4E65B-D873-4A3E-BF43-E83F1997FB4C}.Debug|x64.ActiveCfg = Debug|Any CPU
		{21F4E65B-D873-4A3E-BF43-E83F1997FB4C}.Debug|x64.Build.0 = Debug|Any CPU
		{21F4E65B-D873-4A3E-BF43-E83F1997FB4C}.Debug|x86.ActiveCfg = Debug|Any CPU
		{21F4E65B-D873-4A3E-BF43-E83F1997FB4C}.Debug|x86.Build.0 = Debug|Any CPU
		{21F4E65B-D873-4A3E-BF43-E83F1997FB4C}.Release|Any CPU.ActiveCfg = Release|Any CPU
		{21F4E65B-D873-4A3E-BF43-E83F1997FB4C}.Release|Any CPU.Build.0 = Release|Any CPU
		{21F4E65B-D873-4A3E-BF43-E83F1997FB4C}.Release|x64.ActiveCfg = Release|Any CPU
		{21F4E65B-D873-4A3E-BF43-E83F1997FB4C}.Release|x64.Build.0 = Release|Any CPU
		{21F4E65B-D873-4A3E-BF43-E83F1997FB4C}.Release|x86.ActiveCfg = Release|Any CPU
		{21F4E65B-D873-4A3E-BF43-E83F1997FB4C}.Release|x86.Build.0 = Release|Any CPU
		{63369696-3CF6-40B4-B963-6F35894CFDA7}.Debug|Any CPU.ActiveCfg = Debug|Any CPU
		{63369696-3CF6-40B4-B963-6F35894CFDA7}.Debug|Any CPU.Build.0 = Debug|Any CPU
		{63369696-3CF6-40B4-B963-6F35894CFDA7}.Debug|x64.ActiveCfg = Debug|Any CPU
		{63369696-3CF6-40B4-B963-6F35894CFDA7}.Debug|x64.Build.0 = Debug|Any CPU
		{63369696-3CF6-40B4-B963-6F35894CFDA7}.Debug|x86.ActiveCfg = Debug|Any CPU
		{63369696-3CF6-40B4-B963-6F35894CFDA7}.Debug|x86.Build.0 = Debug|Any CPU
		{63369696-3CF6-40B4-B963-6F35894CFDA7}.Release|Any CPU.ActiveCfg = Release|Any CPU
		{63369696-3CF6-40B4-B963-6F35894CFDA7}.Release|Any CPU.Build.0 = Release|Any CPU
		{63369696-3CF6-40B4-B963-6F35894CFDA7}.Release|x64.ActiveCfg = Release|Any CPU
		{63369696-3CF6-40B4-B963-6F35894CFDA7}.Release|x64.Build.0 = Release|Any CPU
		{63369696-3CF6-40B4-B963-6F35894CFDA7}.Release|x86.ActiveCfg = Release|Any CPU
		{63369696-3CF6-40B4-B963-6F35894CFDA7}.Release|x86.Build.0 = Release|Any CPU
		{6A9DF1DB-A2B4-46C3-97E9-00663FC24416}.Debug|Any CPU.ActiveCfg = Debug|Any CPU
		{6A9DF1DB-A2B4-46C3-97E9-00663FC24416}.Debug|Any CPU.Build.0 = Debug|Any CPU
		{6A9DF1DB-A2B4-46C3-97E9-00663FC24416}.Debug|x64.ActiveCfg = Debug|Any CPU
		{6A9DF1DB-A2B4-46C3-97E9-00663FC24416}.Debug|x64.Build.0 = Debug|Any CPU
		{6A9DF1DB-A2B4-46C3-97E9-00663FC24416}.Debug|x86.ActiveCfg = Debug|Any CPU
		{6A9DF1DB-A2B4-46C3-97E9-00663FC24416}.Debug|x86.Build.0 = Debug|Any CPU
		{6A9DF1DB-A2B4-46C3-97E9-00663FC24416}.Release|Any CPU.ActiveCfg = Release|Any CPU
		{6A9DF1DB-A2B4-46C3-97E9-00663FC24416}.Release|Any CPU.Build.0 = Release|Any CPU
		{6A9DF1DB-A2B4-46C3-97E9-00663FC24416}.Release|x64.ActiveCfg = Release|Any CPU
		{6A9DF1DB-A2B4-46C3-97E9-00663FC24416}.Release|x64.Build.0 = Release|Any CPU
		{6A9DF1DB-A2B4-46C3-97E9-00663FC24416}.Release|x86.ActiveCfg = Release|Any CPU
		{6A9DF1DB-A2B4-46C3-97E9-00663FC24416}.Release|x86.Build.0 = Release|Any CPU
		{890A8B4A-D386-4757-BA2B-5E42011432B7}.Debug|Any CPU.ActiveCfg = Debug|Any CPU
		{890A8B4A-D386-4757-BA2B-5E42011432B7}.Debug|Any CPU.Build.0 = Debug|Any CPU
		{890A8B4A-D386-4757-BA2B-5E42011432B7}.Debug|x64.ActiveCfg = Debug|Any CPU
		{890A8B4A-D386-4757-BA2B-5E42011432B7}.Debug|x64.Build.0 = Debug|Any CPU
		{890A8B4A-D386-4757-BA2B-5E42011432B7}.Debug|x86.ActiveCfg = Debug|Any CPU
		{890A8B4A-D386-4757-BA2B-5E42011432B7}.Debug|x86.Build.0 = Debug|Any CPU
		{890A8B4A-D386-4757-BA2B-5E42011432B7}.Release|Any CPU.ActiveCfg = Release|Any CPU
		{890A8B4A-D386-4757-BA2B-5E42011432B7}.Release|Any CPU.Build.0 = Release|Any CPU
		{890A8B4A-D386-4757-BA2B-5E42011432B7}.Release|x64.ActiveCfg = Release|Any CPU
		{890A8B4A-D386-4757-BA2B-5E42011432B7}.Release|x64.Build.0 = Release|Any CPU
		{890A8B4A-D386-4757-BA2B-5E42011432B7}.Release|x86.ActiveCfg = Release|Any CPU
		{890A8B4A-D386-4757-BA2B-5E42011432B7}.Release|x86.Build.0 = Release|Any CPU
		{9FCE09C5-02CC-4FE1-A1D9-B7160BB30C25}.Debug|Any CPU.ActiveCfg = Debug|Any CPU
		{9FCE09C5-02CC-4FE1-A1D9-B7160BB30C25}.Debug|Any CPU.Build.0 = Debug|Any CPU
		{9FCE09C5-02CC-4FE1-A1D9-B7160BB30C25}.Debug|x64.ActiveCfg = Debug|Any CPU
		{9FCE09C5-02CC-4FE1-A1D9-B7160BB30C25}.Debug|x64.Build.0 = Debug|Any CPU
		{9FCE09C5-02CC-4FE1-A1D9-B7160BB30C25}.Debug|x86.ActiveCfg = Debug|Any CPU
		{9FCE09C5-02CC-4FE1-A1D9-B7160BB30C25}.Debug|x86.Build.0 = Debug|Any CPU
		{9FCE09C5-02CC-4FE1-A1D9-B7160BB30C25}.Release|Any CPU.ActiveCfg = Release|Any CPU
		{9FCE09C5-02CC-4FE1-A1D9-B7160BB30C25}.Release|Any CPU.Build.0 = Release|Any CPU
		{9FCE09C5-02CC-4FE1-A1D9-B7160BB30C25}.Release|x64.ActiveCfg = Release|Any CPU
		{9FCE09C5-02CC-4FE1-A1D9-B7160BB30C25}.Release|x64.Build.0 = Release|Any CPU
		{9FCE09C5-02CC-4FE1-A1D9-B7160BB30C25}.Release|x86.ActiveCfg = Release|Any CPU
		{9FCE09C5-02CC-4FE1-A1D9-B7160BB30C25}.Release|x86.Build.0 = Release|Any CPU
		{0EC1A042-4960-4FE9-B77D-81BE019AC625}.Debug|Any CPU.ActiveCfg = Debug|Any CPU
		{0EC1A042-4960-4FE9-B77D-81BE019AC625}.Debug|Any CPU.Build.0 = Debug|Any CPU
		{0EC1A042-4960-4FE9-B77D-81BE019AC625}.Debug|x64.ActiveCfg = Debug|Any CPU
		{0EC1A042-4960-4FE9-B77D-81BE019AC625}.Debug|x64.Build.0 = Debug|Any CPU
		{0EC1A042-4960-4FE9-B77D-81BE019AC625}.Debug|x86.ActiveCfg = Debug|Any CPU
		{0EC1A042-4960-4FE9-B77D-81BE019AC625}.Debug|x86.Build.0 = Debug|Any CPU
		{0EC1A042-4960-4FE9-B77D-81BE019AC625}.Release|Any CPU.ActiveCfg = Release|Any CPU
		{0EC1A042-4960-4FE9-B77D-81BE019AC625}.Release|Any CPU.Build.0 = Release|Any CPU
		{0EC1A042-4960-4FE9-B77D-81BE019AC625}.Release|x64.ActiveCfg = Release|Any CPU
		{0EC1A042-4960-4FE9-B77D-81BE019AC625}.Release|x64.Build.0 = Release|Any CPU
		{0EC1A042-4960-4FE9-B77D-81BE019AC625}.Release|x86.ActiveCfg = Release|Any CPU
		{0EC1A042-4960-4FE9-B77D-81BE019AC625}.Release|x86.Build.0 = Release|Any CPU
		{5924A3F6-B4A7-430C-B833-39D26273F357}.Debug|Any CPU.ActiveCfg = Debug|Any CPU
		{5924A3F6-B4A7-430C-B833-39D26273F357}.Debug|Any CPU.Build.0 = Debug|Any CPU
		{5924A3F6-B4A7-430C-B833-39D26273F357}.Debug|x64.ActiveCfg = Debug|Any CPU
		{5924A3F6-B4A7-430C-B833-39D26273F357}.Debug|x64.Build.0 = Debug|Any CPU
		{5924A3F6-B4A7-430C-B833-39D26273F357}.Debug|x86.ActiveCfg = Debug|Any CPU
		{5924A3F6-B4A7-430C-B833-39D26273F357}.Debug|x86.Build.0 = Debug|Any CPU
		{5924A3F6-B4A7-430C-B833-39D26273F357}.Release|Any CPU.ActiveCfg = Release|Any CPU
		{5924A3F6-B4A7-430C-B833-39D26273F357}.Release|Any CPU.Build.0 = Release|Any CPU
		{5924A3F6-B4A7-430C-B833-39D26273F357}.Release|x64.ActiveCfg = Release|Any CPU
		{5924A3F6-B4A7-430C-B833-39D26273F357}.Release|x64.Build.0 = Release|Any CPU
		{5924A3F6-B4A7-430C-B833-39D26273F357}.Release|x86.ActiveCfg = Release|Any CPU
		{5924A3F6-B4A7-430C-B833-39D26273F357}.Release|x86.Build.0 = Release|Any CPU
		{D9D0FDC4-64C5-480F-B862-9594140B4685}.Debug|Any CPU.ActiveCfg = Debug|Any CPU
		{D9D0FDC4-64C5-480F-B862-9594140B4685}.Debug|Any CPU.Build.0 = Debug|Any CPU
		{D9D0FDC4-64C5-480F-B862-9594140B4685}.Debug|x64.ActiveCfg = Debug|Any CPU
		{D9D0FDC4-64C5-480F-B862-9594140B4685}.Debug|x64.Build.0 = Debug|Any CPU
		{D9D0FDC4-64C5-480F-B862-9594140B4685}.Debug|x86.ActiveCfg = Debug|Any CPU
		{D9D0FDC4-64C5-480F-B862-9594140B4685}.Debug|x86.Build.0 = Debug|Any CPU
		{D9D0FDC4-64C5-480F-B862-9594140B4685}.Release|Any CPU.ActiveCfg = Release|Any CPU
		{D9D0FDC4-64C5-480F-B862-9594140B4685}.Release|Any CPU.Build.0 = Release|Any CPU
		{D9D0FDC4-64C5-480F-B862-9594140B4685}.Release|x64.ActiveCfg = Release|Any CPU
		{D9D0FDC4-64C5-480F-B862-9594140B4685}.Release|x64.Build.0 = Release|Any CPU
		{D9D0FDC4-64C5-480F-B862-9594140B4685}.Release|x86.ActiveCfg = Release|Any CPU
		{D9D0FDC4-64C5-480F-B862-9594140B4685}.Release|x86.Build.0 = Release|Any CPU
		{A422A12C-ABD3-4627-AE91-7A735C3555DA}.Debug|Any CPU.ActiveCfg = Debug|Any CPU
		{A422A12C-ABD3-4627-AE91-7A735C3555DA}.Debug|Any CPU.Build.0 = Debug|Any CPU
		{A422A12C-ABD3-4627-AE91-7A735C3555DA}.Debug|x64.ActiveCfg = Debug|Any CPU
		{A422A12C-ABD3-4627-AE91-7A735C3555DA}.Debug|x64.Build.0 = Debug|Any CPU
		{A422A12C-ABD3-4627-AE91-7A735C3555DA}.Debug|x86.ActiveCfg = Debug|Any CPU
		{A422A12C-ABD3-4627-AE91-7A735C3555DA}.Debug|x86.Build.0 = Debug|Any CPU
		{A422A12C-ABD3-4627-AE91-7A735C3555DA}.Release|Any CPU.ActiveCfg = Release|Any CPU
		{A422A12C-ABD3-4627-AE91-7A735C3555DA}.Release|Any CPU.Build.0 = Release|Any CPU
		{A422A12C-ABD3-4627-AE91-7A735C3555DA}.Release|x64.ActiveCfg = Release|Any CPU
		{A422A12C-ABD3-4627-AE91-7A735C3555DA}.Release|x64.Build.0 = Release|Any CPU
		{A422A12C-ABD3-4627-AE91-7A735C3555DA}.Release|x86.ActiveCfg = Release|Any CPU
		{A422A12C-ABD3-4627-AE91-7A735C3555DA}.Release|x86.Build.0 = Release|Any CPU
		{6B3BB5D6-BC4C-4134-8F5A-B29E57D3AB91}.Debug|Any CPU.ActiveCfg = Debug|Any CPU
		{6B3BB5D6-BC4C-4134-8F5A-B29E57D3AB91}.Debug|Any CPU.Build.0 = Debug|Any CPU
		{6B3BB5D6-BC4C-4134-8F5A-B29E57D3AB91}.Debug|x64.ActiveCfg = Debug|Any CPU
		{6B3BB5D6-BC4C-4134-8F5A-B29E57D3AB91}.Debug|x64.Build.0 = Debug|Any CPU
		{6B3BB5D6-BC4C-4134-8F5A-B29E57D3AB91}.Debug|x86.ActiveCfg = Debug|Any CPU
		{6B3BB5D6-BC4C-4134-8F5A-B29E57D3AB91}.Debug|x86.Build.0 = Debug|Any CPU
		{6B3BB5D6-BC4C-4134-8F5A-B29E57D3AB91}.Release|Any CPU.ActiveCfg = Release|Any CPU
		{6B3BB5D6-BC4C-4134-8F5A-B29E57D3AB91}.Release|Any CPU.Build.0 = Release|Any CPU
		{6B3BB5D6-BC4C-4134-8F5A-B29E57D3AB91}.Release|x64.ActiveCfg = Release|Any CPU
		{6B3BB5D6-BC4C-4134-8F5A-B29E57D3AB91}.Release|x64.Build.0 = Release|Any CPU
		{6B3BB5D6-BC4C-4134-8F5A-B29E57D3AB91}.Release|x86.ActiveCfg = Release|Any CPU
		{6B3BB5D6-BC4C-4134-8F5A-B29E57D3AB91}.Release|x86.Build.0 = Release|Any CPU
	EndGlobalSection
	GlobalSection(SolutionProperties) = preSolution
		HideSolutionNode = FALSE
	EndGlobalSection
	GlobalSection(ExtensibilityGlobals) = postSolution
		SolutionGuid = {912F294D-9A3A-4123-9327-1566B78D8734}
	EndGlobalSection
EndGlobal
