
Microsoft Visual Studio Solution File, Format Version 12.00
# Visual Studio Version 16
VisualStudioVersion = 16.0.30804.86
MinimumVisualStudioVersion = 15.0.26124.0
Project("{9A19103F-16F7-4668-BE54-9A1E7A4F7556}") = "FleetManagement.API.Read", "FleetManagement.API.Read\FleetManagement.API.Read.csproj", "{C2BFF8D4-3234-4989-8778-D8319A0C8617}"
EndProject
Project("{9A19103F-16F7-4668-BE54-9A1E7A4F7556}") = "FleetManagement.API.Write", "FleetManagement.API.Write\FleetManagement.API.Write.csproj", "{21F4E65B-D873-4A3E-BF43-E83F1997FB4C}"
EndProject
Project("{9A19103F-16F7-4668-BE54-9A1E7A4F7556}") = "FleetManagement.BLL", "FleetManagement.BLL\FleetManagement.BLL.csproj", "{4D3EF13A-575F-4A34-A68E-1D6648C2ED25}"
EndProject
Project("{9A19103F-16F7-4668-BE54-9A1E7A4F7556}") = "FleetManagement.DAL", "FleetManagement.DAL\FleetManagement.DAL.csproj", "{63369696-3CF6-40B4-B963-6F35894CFDA7}"
EndProject
Project("{9A19103F-16F7-4668-BE54-9A1E7A4F7556}") = "FleetManagement.Models", "FleetManagement.Models\FleetManagement.Models.csproj", "{6A9DF1DB-A2B4-46C3-97E9-00663FC24416}"
EndProject
Project("{9A19103F-16F7-4668-BE54-9A1E7A4F7556}") = "FleetManagement.Tests", "FleetManagement.Tests\FleetManagement.Tests.csproj", "{890A8B4A-D386-4757-BA2B-5E42011432B7}"
EndProject
Project("{9A19103F-16F7-4668-BE54-9A1E7A4F7556}") = "FleetManagement.Mappings", "FleetManagement.Mappings\FleetManagement.Mappings.csproj", "{4770876B-D8E8-4019-A508-A84F79EDE481}"
EndProject
Global
	GlobalSection(SolutionConfigurationPlatforms) = preSolution
		Debug|Any CPU = Debug|Any CPU
		Debug|x64 = Debug|x64
		Debug|x86 = Debug|x86
		Release|Any CPU = Release|Any CPU
		Release|x64 = Release|x64
		Release|x86 = Release|x86
	EndGlobalSection
	GlobalSection(ProjectConfigurationPlatforms) = postSolution
		{C2BFF8D4-3234-4989-8778-D8319A0C8617}.Debug|Any CPU.ActiveCfg = Debug|Any CPU
		{C2BFF8D4-3234-4989-8778-D8319A0C8617}.Debug|Any CPU.Build.0 = Debug|Any CPU
		{C2BFF8D4-3234-4989-8778-D8319A0C8617}.Debug|x64.ActiveCfg = Debug|Any CPU
		{C2BFF8D4-3234-4989-8778-D8319A0C8617}.Debug|x64.Build.0 = Debug|Any CPU
		{C2BFF8D4-3234-4989-8778-D8319A0C8617}.Debug|x86.ActiveCfg = Debug|Any CPU
		{C2BFF8D4-3234-4989-8778-D8319A0C8617}.Debug|x86.Build.0 = Debug|Any CPU
		{C2BFF8D4-3234-4989-8778-D8319A0C8617}.Release|Any CPU.ActiveCfg = Release|Any CPU
		{C2BFF8D4-3234-4989-8778-D8319A0C8617}.Release|Any CPU.Build.0 = Release|Any CPU
		{C2BFF8D4-3234-4989-8778-D8319A0C8617}.Release|x64.ActiveCfg = Release|Any CPU
		{C2BFF8D4-3234-4989-8778-D8319A0C8617}.Release|x64.Build.0 = Release|Any CPU
		{C2BFF8D4-3234-4989-8778-D8319A0C8617}.Release|x86.ActiveCfg = Release|Any CPU
		{C2BFF8D4-3234-4989-8778-D8319A0C8617}.Release|x86.Build.0 = Release|Any CPU
		{21F4E65B-D873-4A3E-BF43-E83F1997FB4C}.Debug|Any CPU.ActiveCfg = Debug|Any CPU
		{21F4E65B-D873-4A3E-BF43-E83F1997FB4C}.Debug|Any CPU.Build.0 = Debug|Any CPU
		{21F4E65B-D873-4A3E-BF43-E83F1997FB4C}.Debug|x64.ActiveCfg = Debug|Any CPU
		{21F4E65B-D873-4A3E-BF43-E83F1997FB4C}.Debug|x64.Build.0 = Debug|Any CPU
		{21F4E65B-D873-4A3E-BF43-E83F1997FB4C}.Debug|x86.ActiveCfg = Debug|Any CPU
		{21F4E65B-D873-4A3E-BF43-E83F1997FB4C}.Debug|x86.Build.0 = Debug|Any CPU
		{21F4E65B-D873-4A3E-BF43-E83F1997FB4C}.Release|Any CPU.ActiveCfg = Release|Any CPU
		{21F4E65B-D873-4A3E-BF43-E83F1997FB4C}.Release|Any CPU.Build.0 = Release|Any CPU
		{21F4E65B-D873-4A3E-BF43-E83F1997FB4C}.Release|x64.ActiveCfg = Release|Any CPU
		{21F4E65B-D873-4A3E-BF43-E83F1997FB4C}.Release|x64.Build.0 = Release|Any CPU
		{21F4E65B-D873-4A3E-BF43-E83F1997FB4C}.Release|x86.ActiveCfg = Release|Any CPU
		{21F4E65B-D873-4A3E-BF43-E83F1997FB4C}.Release|x86.Build.0 = Release|Any CPU
		{4D3EF13A-575F-4A34-A68E-1D6648C2ED25}.Debug|Any CPU.ActiveCfg = Debug|Any CPU
		{4D3EF13A-575F-4A34-A68E-1D6648C2ED25}.Debug|Any CPU.Build.0 = Debug|Any CPU
		{4D3EF13A-575F-4A34-A68E-1D6648C2ED25}.Debug|x64.ActiveCfg = Debug|Any CPU
		{4D3EF13A-575F-4A34-A68E-1D6648C2ED25}.Debug|x64.Build.0 = Debug|Any CPU
		{4D3EF13A-575F-4A34-A68E-1D6648C2ED25}.Debug|x86.ActiveCfg = Debug|Any CPU
		{4D3EF13A-575F-4A34-A68E-1D6648C2ED25}.Debug|x86.Build.0 = Debug|Any CPU
		{4D3EF13A-575F-4A34-A68E-1D6648C2ED25}.Release|Any CPU.ActiveCfg = Release|Any CPU
		{4D3EF13A-575F-4A34-A68E-1D6648C2ED25}.Release|Any CPU.Build.0 = Release|Any CPU
		{4D3EF13A-575F-4A34-A68E-1D6648C2ED25}.Release|x64.ActiveCfg = Release|Any CPU
		{4D3EF13A-575F-4A34-A68E-1D6648C2ED25}.Release|x64.Build.0 = Release|Any CPU
		{4D3EF13A-575F-4A34-A68E-1D6648C2ED25}.Release|x86.ActiveCfg = Release|Any CPU
		{4D3EF13A-575F-4A34-A68E-1D6648C2ED25}.Release|x86.Build.0 = Release|Any CPU
		{63369696-3CF6-40B4-B963-6F35894CFDA7}.Debug|Any CPU.ActiveCfg = Debug|Any CPU
		{63369696-3CF6-40B4-B963-6F35894CFDA7}.Debug|Any CPU.Build.0 = Debug|Any CPU
		{63369696-3CF6-40B4-B963-6F35894CFDA7}.Debug|x64.ActiveCfg = Debug|Any CPU
		{63369696-3CF6-40B4-B963-6F35894CFDA7}.Debug|x64.Build.0 = Debug|Any CPU
		{63369696-3CF6-40B4-B963-6F35894CFDA7}.Debug|x86.ActiveCfg = Debug|Any CPU
		{63369696-3CF6-40B4-B963-6F35894CFDA7}.Debug|x86.Build.0 = Debug|Any CPU
		{63369696-3CF6-40B4-B963-6F35894CFDA7}.Release|Any CPU.ActiveCfg = Release|Any CPU
		{63369696-3CF6-40B4-B963-6F35894CFDA7}.Release|Any CPU.Build.0 = Release|Any CPU
		{63369696-3CF6-40B4-B963-6F35894CFDA7}.Release|x64.ActiveCfg = Release|Any CPU
		{63369696-3CF6-40B4-B963-6F35894CFDA7}.Release|x64.Build.0 = Release|Any CPU
		{63369696-3CF6-40B4-B963-6F35894CFDA7}.Release|x86.ActiveCfg = Release|Any CPU
		{63369696-3CF6-40B4-B963-6F35894CFDA7}.Release|x86.Build.0 = Release|Any CPU
		{6A9DF1DB-A2B4-46C3-97E9-00663FC24416}.Debug|Any CPU.ActiveCfg = Debug|Any CPU
		{6A9DF1DB-A2B4-46C3-97E9-00663FC24416}.Debug|Any CPU.Build.0 = Debug|Any CPU
		{6A9DF1DB-A2B4-46C3-97E9-00663FC24416}.Debug|x64.ActiveCfg = Debug|Any CPU
		{6A9DF1DB-A2B4-46C3-97E9-00663FC24416}.Debug|x64.Build.0 = Debug|Any CPU
		{6A9DF1DB-A2B4-46C3-97E9-00663FC24416}.Debug|x86.ActiveCfg = Debug|Any CPU
		{6A9DF1DB-A2B4-46C3-97E9-00663FC24416}.Debug|x86.Build.0 = Debug|Any CPU
		{6A9DF1DB-A2B4-46C3-97E9-00663FC24416}.Release|Any CPU.ActiveCfg = Release|Any CPU
		{6A9DF1DB-A2B4-46C3-97E9-00663FC24416}.Release|Any CPU.Build.0 = Release|Any CPU
		{6A9DF1DB-A2B4-46C3-97E9-00663FC24416}.Release|x64.ActiveCfg = Release|Any CPU
		{6A9DF1DB-A2B4-46C3-97E9-00663FC24416}.Release|x64.Build.0 = Release|Any CPU
		{6A9DF1DB-A2B4-46C3-97E9-00663FC24416}.Release|x86.ActiveCfg = Release|Any CPU
		{6A9DF1DB-A2B4-46C3-97E9-00663FC24416}.Release|x86.Build.0 = Release|Any CPU
		{890A8B4A-D386-4757-BA2B-5E42011432B7}.Debug|Any CPU.ActiveCfg = Debug|Any CPU
		{890A8B4A-D386-4757-BA2B-5E42011432B7}.Debug|Any CPU.Build.0 = Debug|Any CPU
		{890A8B4A-D386-4757-BA2B-5E42011432B7}.Debug|x64.ActiveCfg = Debug|Any CPU
		{890A8B4A-D386-4757-BA2B-5E42011432B7}.Debug|x64.Build.0 = Debug|Any CPU
		{890A8B4A-D386-4757-BA2B-5E42011432B7}.Debug|x86.ActiveCfg = Debug|Any CPU
		{890A8B4A-D386-4757-BA2B-5E42011432B7}.Debug|x86.Build.0 = Debug|Any CPU
		{890A8B4A-D386-4757-BA2B-5E42011432B7}.Release|Any CPU.ActiveCfg = Release|Any CPU
		{890A8B4A-D386-4757-BA2B-5E42011432B7}.Release|Any CPU.Build.0 = Release|Any CPU
		{890A8B4A-D386-4757-BA2B-5E42011432B7}.Release|x64.ActiveCfg = Release|Any CPU
		{890A8B4A-D386-4757-BA2B-5E42011432B7}.Release|x64.Build.0 = Release|Any CPU
		{890A8B4A-D386-4757-BA2B-5E42011432B7}.Release|x86.ActiveCfg = Release|Any CPU
		{890A8B4A-D386-4757-BA2B-5E42011432B7}.Release|x86.Build.0 = Release|Any CPU
		{4770876B-D8E8-4019-A508-A84F79EDE481}.Debug|Any CPU.ActiveCfg = Debug|Any CPU
		{4770876B-D8E8-4019-A508-A84F79EDE481}.Debug|Any CPU.Build.0 = Debug|Any CPU
		{4770876B-D8E8-4019-A508-A84F79EDE481}.Debug|x64.ActiveCfg = Debug|Any CPU
		{4770876B-D8E8-4019-A508-A84F79EDE481}.Debug|x64.Build.0 = Debug|Any CPU
		{4770876B-D8E8-4019-A508-A84F79EDE481}.Debug|x86.ActiveCfg = Debug|Any CPU
		{4770876B-D8E8-4019-A508-A84F79EDE481}.Debug|x86.Build.0 = Debug|Any CPU
		{4770876B-D8E8-4019-A508-A84F79EDE481}.Release|Any CPU.ActiveCfg = Release|Any CPU
		{4770876B-D8E8-4019-A508-A84F79EDE481}.Release|Any CPU.Build.0 = Release|Any CPU
		{4770876B-D8E8-4019-A508-A84F79EDE481}.Release|x64.ActiveCfg = Release|Any CPU
		{4770876B-D8E8-4019-A508-A84F79EDE481}.Release|x64.Build.0 = Release|Any CPU
		{4770876B-D8E8-4019-A508-A84F79EDE481}.Release|x86.ActiveCfg = Release|Any CPU
		{4770876B-D8E8-4019-A508-A84F79EDE481}.Release|x86.Build.0 = Release|Any CPU
	EndGlobalSection
	GlobalSection(SolutionProperties) = preSolution
		HideSolutionNode = FALSE
	EndGlobalSection
	GlobalSection(ExtensibilityGlobals) = postSolution
		SolutionGuid = {912F294D-9A3A-4123-9327-1566B78D8734}
	EndGlobalSection
EndGlobal
